// !$*UTF8*$!
{
	archiveVersion = 1;
	classes = {
	};
	objectVersion = 46;
	objects = {

/* Begin PBXBuildFile section */
		083CD42F1E0F185800784192 /* HelperFunctions.swift in Sources */ = {isa = PBXBuildFile; fileRef = 083CD42E1E0F185800784192 /* HelperFunctions.swift */; };
		083CD4331E0F35B900784192 /* SWRevealViewController.m in Sources */ = {isa = PBXBuildFile; fileRef = 083CD4321E0F35B900784192 /* SWRevealViewController.m */; };
		083CD4351E0FA1E100784192 /* MainViewController.swift in Sources */ = {isa = PBXBuildFile; fileRef = 083CD4341E0FA1E100784192 /* MainViewController.swift */; };
		08814E501E05D8D9004D9425 /* AppDelegate.swift in Sources */ = {isa = PBXBuildFile; fileRef = 08814E4F1E05D8D9004D9425 /* AppDelegate.swift */; };
		08814E521E05D8D9004D9425 /* ViewController.swift in Sources */ = {isa = PBXBuildFile; fileRef = 08814E511E05D8D9004D9425 /* ViewController.swift */; };
		08814E551E05D8D9004D9425 /* Main.storyboard in Resources */ = {isa = PBXBuildFile; fileRef = 08814E531E05D8D9004D9425 /* Main.storyboard */; };
		08814E581E05D8D9004D9425 /* StartupScreens.xcdatamodeld in Sources */ = {isa = PBXBuildFile; fileRef = 08814E561E05D8D9004D9425 /* StartupScreens.xcdatamodeld */; };
		08814E5A1E05D8D9004D9425 /* Assets.xcassets in Resources */ = {isa = PBXBuildFile; fileRef = 08814E591E05D8D9004D9425 /* Assets.xcassets */; };
		08814E5D1E05D8D9004D9425 /* LaunchScreen.storyboard in Resources */ = {isa = PBXBuildFile; fileRef = 08814E5B1E05D8D9004D9425 /* LaunchScreen.storyboard */; };
		08814E681E05D8D9004D9425 /* StartupScreensTests.swift in Sources */ = {isa = PBXBuildFile; fileRef = 08814E671E05D8D9004D9425 /* StartupScreensTests.swift */; };
		08814E731E05D8D9004D9425 /* StartupScreensUITests.swift in Sources */ = {isa = PBXBuildFile; fileRef = 08814E721E05D8D9004D9425 /* StartupScreensUITests.swift */; };
		08814E811E06596B004D9425 /* LoginViewController.swift in Sources */ = {isa = PBXBuildFile; fileRef = 08814E801E06596B004D9425 /* LoginViewController.swift */; };
		08814E851E07B49A004D9425 /* GoogleService-Info.plist in Resources */ = {isa = PBXBuildFile; fileRef = 08814E841E07B49A004D9425 /* GoogleService-Info.plist */; };
		088FB8381E1A0D77006523A3 /* MenuViewController.swift in Sources */ = {isa = PBXBuildFile; fileRef = 088FB8371E1A0D77006523A3 /* MenuViewController.swift */; };
		088FB83A1E1A160A006523A3 /* ProfileViewController.swift in Sources */ = {isa = PBXBuildFile; fileRef = 088FB8391E1A160A006523A3 /* ProfileViewController.swift */; };
		08E06BDA1E1245460046DDA2 /* MenuTableViewCell.swift in Sources */ = {isa = PBXBuildFile; fileRef = 08E06BD91E1245460046DDA2 /* MenuTableViewCell.swift */; };
		08E06BDC1E124FC90046DDA2 /* MessagesViewController.swift in Sources */ = {isa = PBXBuildFile; fileRef = 08E06BDB1E124FC90046DDA2 /* MessagesViewController.swift */; };
		08E06BDE1E1250040046DDA2 /* SettingsViewController.swift in Sources */ = {isa = PBXBuildFile; fileRef = 08E06BDD1E1250040046DDA2 /* SettingsViewController.swift */; };
		08F4D8661E1A4F19004DD2E2 /* ContactsViewController.swift in Sources */ = {isa = PBXBuildFile; fileRef = 08F4D8651E1A4F19004DD2E2 /* ContactsViewController.swift */; };
		08F4D8681E1B1081004DD2E2 /* FirebaseAuthHelper.swift in Sources */ = {isa = PBXBuildFile; fileRef = 08F4D8671E1B1081004DD2E2 /* FirebaseAuthHelper.swift */; };
		08F4D86A1E1B1114004DD2E2 /* FirebaseDatabaseHelper.swift in Sources */ = {isa = PBXBuildFile; fileRef = 08F4D8691E1B1114004DD2E2 /* FirebaseDatabaseHelper.swift */; };
		08F4D8701E1B1446004DD2E2 /* Constants.swift in Sources */ = {isa = PBXBuildFile; fileRef = 08F4D86F1E1B1446004DD2E2 /* Constants.swift */; };
		08F4D8721E1B22C9004DD2E2 /* Contact.swift in Sources */ = {isa = PBXBuildFile; fileRef = 08F4D8711E1B22C9004DD2E2 /* Contact.swift */; };
		08F4D8741E1B6F34004DD2E2 /* ContactTableViewCell.swift in Sources */ = {isa = PBXBuildFile; fileRef = 08F4D8731E1B6F34004DD2E2 /* ContactTableViewCell.swift */; };
		08F4D8761E1B76D4004DD2E2 /* ChatViewController.swift in Sources */ = {isa = PBXBuildFile; fileRef = 08F4D8751E1B76D4004DD2E2 /* ChatViewController.swift */; };
		08F4D8781E1F6FD0004DD2E2 /* MessagesHandler.swift in Sources */ = {isa = PBXBuildFile; fileRef = 08F4D8771E1F6FD0004DD2E2 /* MessagesHandler.swift */; };
		2B938740B3CE5EDFE54D863B /* Pods_StartupScreensUITests.framework in Frameworks */ = {isa = PBXBuildFile; fileRef = 3983CE330253E250E690C227 /* Pods_StartupScreensUITests.framework */; };
		856A218D38608356E51A1DF7 /* Pods_StartupScreensTests.framework in Frameworks */ = {isa = PBXBuildFile; fileRef = 5BFA610358F4A38CC3B69AAE /* Pods_StartupScreensTests.framework */; };
		AB87C19D4A27A3D5CC936E57 /* Pods_StartupScreens.framework in Frameworks */ = {isa = PBXBuildFile; fileRef = E20B91390B65075843022C5A /* Pods_StartupScreens.framework */; };
/* End PBXBuildFile section */

/* Begin PBXContainerItemProxy section */
		08814E641E05D8D9004D9425 /* PBXContainerItemProxy */ = {
			isa = PBXContainerItemProxy;
			containerPortal = 08814E441E05D8D8004D9425 /* Project object */;
			proxyType = 1;
			remoteGlobalIDString = 08814E4B1E05D8D8004D9425;
			remoteInfo = StartupScreens;
		};
		08814E6F1E05D8D9004D9425 /* PBXContainerItemProxy */ = {
			isa = PBXContainerItemProxy;
			containerPortal = 08814E441E05D8D8004D9425 /* Project object */;
			proxyType = 1;
			remoteGlobalIDString = 08814E4B1E05D8D8004D9425;
			remoteInfo = StartupScreens;
		};
/* End PBXContainerItemProxy section */

/* Begin PBXFileReference section */
		0370129CF6442DFB36330E9E /* Pods-StartupScreensUITests.debug.xcconfig */ = {isa = PBXFileReference; includeInIndex = 1; lastKnownFileType = text.xcconfig; name = "Pods-StartupScreensUITests.debug.xcconfig"; path = "Pods/Target Support Files/Pods-StartupScreensUITests/Pods-StartupScreensUITests.debug.xcconfig"; sourceTree = "<group>"; };
		083CD42E1E0F185800784192 /* HelperFunctions.swift */ = {isa = PBXFileReference; fileEncoding = 4; lastKnownFileType = sourcecode.swift; path = HelperFunctions.swift; sourceTree = "<group>"; };
		083CD4301E0F35B900784192 /* StartupScreens-Bridging-Header.h */ = {isa = PBXFileReference; lastKnownFileType = sourcecode.c.h; path = "StartupScreens-Bridging-Header.h"; sourceTree = "<group>"; };
		083CD4311E0F35B900784192 /* SWRevealViewController.h */ = {isa = PBXFileReference; fileEncoding = 4; lastKnownFileType = sourcecode.c.h; path = SWRevealViewController.h; sourceTree = "<group>"; };
		083CD4321E0F35B900784192 /* SWRevealViewController.m */ = {isa = PBXFileReference; fileEncoding = 4; lastKnownFileType = sourcecode.c.objc; path = SWRevealViewController.m; sourceTree = "<group>"; };
		083CD4341E0FA1E100784192 /* MainViewController.swift */ = {isa = PBXFileReference; fileEncoding = 4; lastKnownFileType = sourcecode.swift; path = MainViewController.swift; sourceTree = "<group>"; };
		08814E4C1E05D8D9004D9425 /* StartupScreens.app */ = {isa = PBXFileReference; explicitFileType = wrapper.application; includeInIndex = 0; path = StartupScreens.app; sourceTree = BUILT_PRODUCTS_DIR; };
		08814E4F1E05D8D9004D9425 /* AppDelegate.swift */ = {isa = PBXFileReference; lastKnownFileType = sourcecode.swift; path = AppDelegate.swift; sourceTree = "<group>"; };
		08814E511E05D8D9004D9425 /* ViewController.swift */ = {isa = PBXFileReference; lastKnownFileType = sourcecode.swift; path = ViewController.swift; sourceTree = "<group>"; };
		08814E541E05D8D9004D9425 /* Base */ = {isa = PBXFileReference; lastKnownFileType = file.storyboard; name = Base; path = Base.lproj/Main.storyboard; sourceTree = "<group>"; };
		08814E571E05D8D9004D9425 /* StartupScreens.xcdatamodel */ = {isa = PBXFileReference; lastKnownFileType = wrapper.xcdatamodel; path = StartupScreens.xcdatamodel; sourceTree = "<group>"; };
		08814E591E05D8D9004D9425 /* Assets.xcassets */ = {isa = PBXFileReference; lastKnownFileType = folder.assetcatalog; path = Assets.xcassets; sourceTree = "<group>"; };
		08814E5C1E05D8D9004D9425 /* Base */ = {isa = PBXFileReference; lastKnownFileType = file.storyboard; name = Base; path = Base.lproj/LaunchScreen.storyboard; sourceTree = "<group>"; };
		08814E5E1E05D8D9004D9425 /* Info.plist */ = {isa = PBXFileReference; lastKnownFileType = text.plist.xml; path = Info.plist; sourceTree = "<group>"; };
		08814E631E05D8D9004D9425 /* StartupScreensTests.xctest */ = {isa = PBXFileReference; explicitFileType = wrapper.cfbundle; includeInIndex = 0; path = StartupScreensTests.xctest; sourceTree = BUILT_PRODUCTS_DIR; };
		08814E671E05D8D9004D9425 /* StartupScreensTests.swift */ = {isa = PBXFileReference; lastKnownFileType = sourcecode.swift; path = StartupScreensTests.swift; sourceTree = "<group>"; };
		08814E691E05D8D9004D9425 /* Info.plist */ = {isa = PBXFileReference; lastKnownFileType = text.plist.xml; path = Info.plist; sourceTree = "<group>"; };
		08814E6E1E05D8D9004D9425 /* StartupScreensUITests.xctest */ = {isa = PBXFileReference; explicitFileType = wrapper.cfbundle; includeInIndex = 0; path = StartupScreensUITests.xctest; sourceTree = BUILT_PRODUCTS_DIR; };
		08814E721E05D8D9004D9425 /* StartupScreensUITests.swift */ = {isa = PBXFileReference; lastKnownFileType = sourcecode.swift; path = StartupScreensUITests.swift; sourceTree = "<group>"; };
		08814E741E05D8D9004D9425 /* Info.plist */ = {isa = PBXFileReference; lastKnownFileType = text.plist.xml; path = Info.plist; sourceTree = "<group>"; };
		08814E801E06596B004D9425 /* LoginViewController.swift */ = {isa = PBXFileReference; fileEncoding = 4; lastKnownFileType = sourcecode.swift; path = LoginViewController.swift; sourceTree = "<group>"; };
		08814E841E07B49A004D9425 /* GoogleService-Info.plist */ = {isa = PBXFileReference; fileEncoding = 4; lastKnownFileType = text.plist.xml; path = "GoogleService-Info.plist"; sourceTree = "<group>"; };
		088FB8371E1A0D77006523A3 /* MenuViewController.swift */ = {isa = PBXFileReference; fileEncoding = 4; lastKnownFileType = sourcecode.swift; path = MenuViewController.swift; sourceTree = "<group>"; };
		088FB8391E1A160A006523A3 /* ProfileViewController.swift */ = {isa = PBXFileReference; fileEncoding = 4; lastKnownFileType = sourcecode.swift; path = ProfileViewController.swift; sourceTree = "<group>"; };
		08E06BD91E1245460046DDA2 /* MenuTableViewCell.swift */ = {isa = PBXFileReference; fileEncoding = 4; lastKnownFileType = sourcecode.swift; path = MenuTableViewCell.swift; sourceTree = "<group>"; };
		08E06BDB1E124FC90046DDA2 /* MessagesViewController.swift */ = {isa = PBXFileReference; fileEncoding = 4; lastKnownFileType = sourcecode.swift; path = MessagesViewController.swift; sourceTree = "<group>"; };
		08E06BDD1E1250040046DDA2 /* SettingsViewController.swift */ = {isa = PBXFileReference; fileEncoding = 4; lastKnownFileType = sourcecode.swift; path = SettingsViewController.swift; sourceTree = "<group>"; };
		08F4D8651E1A4F19004DD2E2 /* ContactsViewController.swift */ = {isa = PBXFileReference; fileEncoding = 4; lastKnownFileType = sourcecode.swift; path = ContactsViewController.swift; sourceTree = "<group>"; };
		08F4D8671E1B1081004DD2E2 /* FirebaseAuthHelper.swift */ = {isa = PBXFileReference; fileEncoding = 4; lastKnownFileType = sourcecode.swift; path = FirebaseAuthHelper.swift; sourceTree = "<group>"; };
		08F4D8691E1B1114004DD2E2 /* FirebaseDatabaseHelper.swift */ = {isa = PBXFileReference; fileEncoding = 4; lastKnownFileType = sourcecode.swift; path = FirebaseDatabaseHelper.swift; sourceTree = "<group>"; };
		08F4D86F1E1B1446004DD2E2 /* Constants.swift */ = {isa = PBXFileReference; fileEncoding = 4; lastKnownFileType = sourcecode.swift; path = Constants.swift; sourceTree = "<group>"; };
		08F4D8711E1B22C9004DD2E2 /* Contact.swift */ = {isa = PBXFileReference; fileEncoding = 4; lastKnownFileType = sourcecode.swift; path = Contact.swift; sourceTree = "<group>"; };
		08F4D8731E1B6F34004DD2E2 /* ContactTableViewCell.swift */ = {isa = PBXFileReference; fileEncoding = 4; lastKnownFileType = sourcecode.swift; path = ContactTableViewCell.swift; sourceTree = "<group>"; };
		08F4D8751E1B76D4004DD2E2 /* ChatViewController.swift */ = {isa = PBXFileReference; fileEncoding = 4; lastKnownFileType = sourcecode.swift; path = ChatViewController.swift; sourceTree = "<group>"; };
		08F4D8771E1F6FD0004DD2E2 /* MessagesHandler.swift */ = {isa = PBXFileReference; fileEncoding = 4; lastKnownFileType = sourcecode.swift; path = MessagesHandler.swift; sourceTree = "<group>"; };
		144DEC7450602B4ED36C8BFB /* Pods-StartupScreens.release.xcconfig */ = {isa = PBXFileReference; includeInIndex = 1; lastKnownFileType = text.xcconfig; name = "Pods-StartupScreens.release.xcconfig"; path = "Pods/Target Support Files/Pods-StartupScreens/Pods-StartupScreens.release.xcconfig"; sourceTree = "<group>"; };
		244EEEE90F1780EEBEC4B103 /* Pods-StartupScreensTests.release.xcconfig */ = {isa = PBXFileReference; includeInIndex = 1; lastKnownFileType = text.xcconfig; name = "Pods-StartupScreensTests.release.xcconfig"; path = "Pods/Target Support Files/Pods-StartupScreensTests/Pods-StartupScreensTests.release.xcconfig"; sourceTree = "<group>"; };
		3983CE330253E250E690C227 /* Pods_StartupScreensUITests.framework */ = {isa = PBXFileReference; explicitFileType = wrapper.framework; includeInIndex = 0; path = Pods_StartupScreensUITests.framework; sourceTree = BUILT_PRODUCTS_DIR; };
		5AE3EABE05DC132F32033B4E /* Pods-StartupScreensTests.debug.xcconfig */ = {isa = PBXFileReference; includeInIndex = 1; lastKnownFileType = text.xcconfig; name = "Pods-StartupScreensTests.debug.xcconfig"; path = "Pods/Target Support Files/Pods-StartupScreensTests/Pods-StartupScreensTests.debug.xcconfig"; sourceTree = "<group>"; };
		5BFA610358F4A38CC3B69AAE /* Pods_StartupScreensTests.framework */ = {isa = PBXFileReference; explicitFileType = wrapper.framework; includeInIndex = 0; path = Pods_StartupScreensTests.framework; sourceTree = BUILT_PRODUCTS_DIR; };
		80472AD30919659B3A3D5FB8 /* Pods-StartupScreensUITests.release.xcconfig */ = {isa = PBXFileReference; includeInIndex = 1; lastKnownFileType = text.xcconfig; name = "Pods-StartupScreensUITests.release.xcconfig"; path = "Pods/Target Support Files/Pods-StartupScreensUITests/Pods-StartupScreensUITests.release.xcconfig"; sourceTree = "<group>"; };
		AE1F9A65E71256C1547E4E45 /* Pods-StartupScreens.debug.xcconfig */ = {isa = PBXFileReference; includeInIndex = 1; lastKnownFileType = text.xcconfig; name = "Pods-StartupScreens.debug.xcconfig"; path = "Pods/Target Support Files/Pods-StartupScreens/Pods-StartupScreens.debug.xcconfig"; sourceTree = "<group>"; };
		E20B91390B65075843022C5A /* Pods_StartupScreens.framework */ = {isa = PBXFileReference; explicitFileType = wrapper.framework; includeInIndex = 0; path = Pods_StartupScreens.framework; sourceTree = BUILT_PRODUCTS_DIR; };
/* End PBXFileReference section */

/* Begin PBXFrameworksBuildPhase section */
		08814E491E05D8D8004D9425 /* Frameworks */ = {
			isa = PBXFrameworksBuildPhase;
			buildActionMask = 2147483647;
			files = (
				AB87C19D4A27A3D5CC936E57 /* Pods_StartupScreens.framework in Frameworks */,
			);
			runOnlyForDeploymentPostprocessing = 0;
		};
		08814E601E05D8D9004D9425 /* Frameworks */ = {
			isa = PBXFrameworksBuildPhase;
			buildActionMask = 2147483647;
			files = (
				856A218D38608356E51A1DF7 /* Pods_StartupScreensTests.framework in Frameworks */,
			);
			runOnlyForDeploymentPostprocessing = 0;
		};
		08814E6B1E05D8D9004D9425 /* Frameworks */ = {
			isa = PBXFrameworksBuildPhase;
			buildActionMask = 2147483647;
			files = (
				2B938740B3CE5EDFE54D863B /* Pods_StartupScreensUITests.framework in Frameworks */,
			);
			runOnlyForDeploymentPostprocessing = 0;
		};
/* End PBXFrameworksBuildPhase section */

/* Begin PBXGroup section */
		08814E431E05D8D8004D9425 = {
			isa = PBXGroup;
			children = (
				08814E4E1E05D8D9004D9425 /* StartupScreens */,
				08814E661E05D8D9004D9425 /* StartupScreensTests */,
				08814E711E05D8D9004D9425 /* StartupScreensUITests */,
				08814E4D1E05D8D9004D9425 /* Products */,
				8FD4119FE9D2A1868ECBB028 /* Pods */,
				4729F052B82915142E609C8C /* Frameworks */,
			);
			sourceTree = "<group>";
		};
		08814E4D1E05D8D9004D9425 /* Products */ = {
			isa = PBXGroup;
			children = (
				08814E4C1E05D8D9004D9425 /* StartupScreens.app */,
				08814E631E05D8D9004D9425 /* StartupScreensTests.xctest */,
				08814E6E1E05D8D9004D9425 /* StartupScreensUITests.xctest */,
			);
			name = Products;
			sourceTree = "<group>";
		};
		08814E4E1E05D8D9004D9425 /* StartupScreens */ = {
			isa = PBXGroup;
			children = (
				08814E4F1E05D8D9004D9425 /* AppDelegate.swift */,
				08F4D86B1E1B1388004DD2E2 /* Helpers */,
				08F4D86C1E1B139C004DD2E2 /* VCs */,
				08F4D86E1E1B1401004DD2E2 /* Classes */,
				08F4D86D1E1B13DE004DD2E2 /* Objective-C */,
				08814E591E05D8D9004D9425 /* Assets.xcassets */,
				08814E531E05D8D9004D9425 /* Main.storyboard */,
				08814E5B1E05D8D9004D9425 /* LaunchScreen.storyboard */,
				08814E5E1E05D8D9004D9425 /* Info.plist */,
				08814E841E07B49A004D9425 /* GoogleService-Info.plist */,
				08814E561E05D8D9004D9425 /* StartupScreens.xcdatamodeld */,
			);
			path = StartupScreens;
			sourceTree = "<group>";
		};
		08814E661E05D8D9004D9425 /* StartupScreensTests */ = {
			isa = PBXGroup;
			children = (
				08814E671E05D8D9004D9425 /* StartupScreensTests.swift */,
				08814E691E05D8D9004D9425 /* Info.plist */,
			);
			path = StartupScreensTests;
			sourceTree = "<group>";
		};
		08814E711E05D8D9004D9425 /* StartupScreensUITests */ = {
			isa = PBXGroup;
			children = (
				08814E721E05D8D9004D9425 /* StartupScreensUITests.swift */,
				08814E741E05D8D9004D9425 /* Info.plist */,
			);
			path = StartupScreensUITests;
			sourceTree = "<group>";
		};
		08F4D86B1E1B1388004DD2E2 /* Helpers */ = {
			isa = PBXGroup;
			children = (
				08F4D8671E1B1081004DD2E2 /* FirebaseAuthHelper.swift */,
				08F4D8691E1B1114004DD2E2 /* FirebaseDatabaseHelper.swift */,
				083CD42E1E0F185800784192 /* HelperFunctions.swift */,
				08F4D8771E1F6FD0004DD2E2 /* MessagesHandler.swift */,
				08F4D86F1E1B1446004DD2E2 /* Constants.swift */,
			);
			name = Helpers;
			sourceTree = "<group>";
		};
		08F4D86C1E1B139C004DD2E2 /* VCs */ = {
			isa = PBXGroup;
			children = (
				08814E511E05D8D9004D9425 /* ViewController.swift */,
				083CD4341E0FA1E100784192 /* MainViewController.swift */,
				088FB8371E1A0D77006523A3 /* MenuViewController.swift */,
				08F4D8651E1A4F19004DD2E2 /* ContactsViewController.swift */,
				08E06BDB1E124FC90046DDA2 /* MessagesViewController.swift */,
				088FB8391E1A160A006523A3 /* ProfileViewController.swift */,
				08E06BDD1E1250040046DDA2 /* SettingsViewController.swift */,
				08814E801E06596B004D9425 /* LoginViewController.swift */,
				08F4D8751E1B76D4004DD2E2 /* ChatViewController.swift */,
			);
			name = VCs;
			sourceTree = "<group>";
		};
		08F4D86D1E1B13DE004DD2E2 /* Objective-C */ = {
			isa = PBXGroup;
			children = (
				083CD4321E0F35B900784192 /* SWRevealViewController.m */,
				083CD4311E0F35B900784192 /* SWRevealViewController.h */,
				083CD4301E0F35B900784192 /* StartupScreens-Bridging-Header.h */,
			);
			name = "Objective-C";
			sourceTree = "<group>";
		};
		08F4D86E1E1B1401004DD2E2 /* Classes */ = {
			isa = PBXGroup;
			children = (
				08E06BD91E1245460046DDA2 /* MenuTableViewCell.swift */,
				08F4D8731E1B6F34004DD2E2 /* ContactTableViewCell.swift */,
				08F4D8711E1B22C9004DD2E2 /* Contact.swift */,
			);
			name = Classes;
			sourceTree = "<group>";
		};
		4729F052B82915142E609C8C /* Frameworks */ = {
			isa = PBXGroup;
			children = (
				E20B91390B65075843022C5A /* Pods_StartupScreens.framework */,
				5BFA610358F4A38CC3B69AAE /* Pods_StartupScreensTests.framework */,
				3983CE330253E250E690C227 /* Pods_StartupScreensUITests.framework */,
			);
			name = Frameworks;
			sourceTree = "<group>";
		};
		8FD4119FE9D2A1868ECBB028 /* Pods */ = {
			isa = PBXGroup;
			children = (
				AE1F9A65E71256C1547E4E45 /* Pods-StartupScreens.debug.xcconfig */,
				144DEC7450602B4ED36C8BFB /* Pods-StartupScreens.release.xcconfig */,
				5AE3EABE05DC132F32033B4E /* Pods-StartupScreensTests.debug.xcconfig */,
				244EEEE90F1780EEBEC4B103 /* Pods-StartupScreensTests.release.xcconfig */,
				0370129CF6442DFB36330E9E /* Pods-StartupScreensUITests.debug.xcconfig */,
				80472AD30919659B3A3D5FB8 /* Pods-StartupScreensUITests.release.xcconfig */,
			);
			name = Pods;
			sourceTree = "<group>";
		};
/* End PBXGroup section */

/* Begin PBXNativeTarget section */
		08814E4B1E05D8D8004D9425 /* StartupScreens */ = {
			isa = PBXNativeTarget;
			buildConfigurationList = 08814E771E05D8D9004D9425 /* Build configuration list for PBXNativeTarget "StartupScreens" */;
			buildPhases = (
				56E7C0767C5B29D5E1AEBA48 /* [CP] Check Pods Manifest.lock */,
				08814E481E05D8D8004D9425 /* Sources */,
				08814E491E05D8D8004D9425 /* Frameworks */,
				08814E4A1E05D8D8004D9425 /* Resources */,
				0525057EC145A806B75A2E42 /* [CP] Embed Pods Frameworks */,
				7D17CB77096FE381F1E6AF62 /* [CP] Copy Pods Resources */,
			);
			buildRules = (
			);
			dependencies = (
			);
			name = StartupScreens;
			productName = StartupScreens;
			productReference = 08814E4C1E05D8D9004D9425 /* StartupScreens.app */;
			productType = "com.apple.product-type.application";
		};
		08814E621E05D8D9004D9425 /* StartupScreensTests */ = {
			isa = PBXNativeTarget;
			buildConfigurationList = 08814E7A1E05D8D9004D9425 /* Build configuration list for PBXNativeTarget "StartupScreensTests" */;
			buildPhases = (
				FED3E918F1CD05BFB7311A67 /* [CP] Check Pods Manifest.lock */,
				08814E5F1E05D8D9004D9425 /* Sources */,
				08814E601E05D8D9004D9425 /* Frameworks */,
				08814E611E05D8D9004D9425 /* Resources */,
				BD6D97F0C46A78BCE44E9291 /* [CP] Embed Pods Frameworks */,
				8CC92A9988972F9E2A38469E /* [CP] Copy Pods Resources */,
			);
			buildRules = (
			);
			dependencies = (
				08814E651E05D8D9004D9425 /* PBXTargetDependency */,
			);
			name = StartupScreensTests;
			productName = StartupScreensTests;
			productReference = 08814E631E05D8D9004D9425 /* StartupScreensTests.xctest */;
			productType = "com.apple.product-type.bundle.unit-test";
		};
		08814E6D1E05D8D9004D9425 /* StartupScreensUITests */ = {
			isa = PBXNativeTarget;
			buildConfigurationList = 08814E7D1E05D8D9004D9425 /* Build configuration list for PBXNativeTarget "StartupScreensUITests" */;
			buildPhases = (
				8C08C91711F4610B5640345F /* [CP] Check Pods Manifest.lock */,
				08814E6A1E05D8D9004D9425 /* Sources */,
				08814E6B1E05D8D9004D9425 /* Frameworks */,
				08814E6C1E05D8D9004D9425 /* Resources */,
				C303C9450B9DF5F0BA0B910E /* [CP] Embed Pods Frameworks */,
				A5EE9D8C492D27CFFA20CEBA /* [CP] Copy Pods Resources */,
			);
			buildRules = (
			);
			dependencies = (
				08814E701E05D8D9004D9425 /* PBXTargetDependency */,
			);
			name = StartupScreensUITests;
			productName = StartupScreensUITests;
			productReference = 08814E6E1E05D8D9004D9425 /* StartupScreensUITests.xctest */;
			productType = "com.apple.product-type.bundle.ui-testing";
		};
/* End PBXNativeTarget section */

/* Begin PBXProject section */
		08814E441E05D8D8004D9425 /* Project object */ = {
			isa = PBXProject;
			attributes = {
				LastSwiftUpdateCheck = 0820;
				LastUpgradeCheck = 0820;
				ORGANIZATIONNAME = "TREVOR E GRIFFIN";
				TargetAttributes = {
					08814E4B1E05D8D8004D9425 = {
						CreatedOnToolsVersion = 8.2;
						DevelopmentTeam = MQLCG95E87;
						LastSwiftMigration = 0820;
						ProvisioningStyle = Automatic;
					};
					08814E621E05D8D9004D9425 = {
						CreatedOnToolsVersion = 8.2;
						DevelopmentTeam = MQLCG95E87;
						ProvisioningStyle = Automatic;
						TestTargetID = 08814E4B1E05D8D8004D9425;
					};
					08814E6D1E05D8D9004D9425 = {
						CreatedOnToolsVersion = 8.2;
						DevelopmentTeam = MQLCG95E87;
						ProvisioningStyle = Automatic;
						TestTargetID = 08814E4B1E05D8D8004D9425;
					};
				};
			};
			buildConfigurationList = 08814E471E05D8D8004D9425 /* Build configuration list for PBXProject "StartupScreens" */;
			compatibilityVersion = "Xcode 3.2";
			developmentRegion = English;
			hasScannedForEncodings = 0;
			knownRegions = (
				en,
				Base,
			);
			mainGroup = 08814E431E05D8D8004D9425;
			productRefGroup = 08814E4D1E05D8D9004D9425 /* Products */;
			projectDirPath = "";
			projectRoot = "";
			targets = (
				08814E4B1E05D8D8004D9425 /* StartupScreens */,
				08814E621E05D8D9004D9425 /* StartupScreensTests */,
				08814E6D1E05D8D9004D9425 /* StartupScreensUITests */,
			);
		};
/* End PBXProject section */

/* Begin PBXResourcesBuildPhase section */
		08814E4A1E05D8D8004D9425 /* Resources */ = {
			isa = PBXResourcesBuildPhase;
			buildActionMask = 2147483647;
			files = (
				08814E5D1E05D8D9004D9425 /* LaunchScreen.storyboard in Resources */,
				08814E5A1E05D8D9004D9425 /* Assets.xcassets in Resources */,
				08814E551E05D8D9004D9425 /* Main.storyboard in Resources */,
				08814E851E07B49A004D9425 /* GoogleService-Info.plist in Resources */,
			);
			runOnlyForDeploymentPostprocessing = 0;
		};
		08814E611E05D8D9004D9425 /* Resources */ = {
			isa = PBXResourcesBuildPhase;
			buildActionMask = 2147483647;
			files = (
			);
			runOnlyForDeploymentPostprocessing = 0;
		};
		08814E6C1E05D8D9004D9425 /* Resources */ = {
			isa = PBXResourcesBuildPhase;
			buildActionMask = 2147483647;
			files = (
			);
			runOnlyForDeploymentPostprocessing = 0;
		};
/* End PBXResourcesBuildPhase section */

/* Begin PBXShellScriptBuildPhase section */
		0525057EC145A806B75A2E42 /* [CP] Embed Pods Frameworks */ = {
			isa = PBXShellScriptBuildPhase;
			buildActionMask = 2147483647;
			files = (
			);
			inputPaths = (
			);
			name = "[CP] Embed Pods Frameworks";
			outputPaths = (
			);
			runOnlyForDeploymentPostprocessing = 0;
			shellPath = /bin/sh;
			shellScript = "\"${SRCROOT}/Pods/Target Support Files/Pods-StartupScreens/Pods-StartupScreens-frameworks.sh\"\n";
			showEnvVarsInLog = 0;
		};
		56E7C0767C5B29D5E1AEBA48 /* [CP] Check Pods Manifest.lock */ = {
			isa = PBXShellScriptBuildPhase;
			buildActionMask = 2147483647;
			files = (
			);
			inputPaths = (
			);
			name = "[CP] Check Pods Manifest.lock";
			outputPaths = (
			);
			runOnlyForDeploymentPostprocessing = 0;
			shellPath = /bin/sh;
			shellScript = "diff \"${PODS_ROOT}/../Podfile.lock\" \"${PODS_ROOT}/Manifest.lock\" > /dev/null\nif [ $? != 0 ] ; then\n    # print error to STDERR\n    echo \"error: The sandbox is not in sync with the Podfile.lock. Run 'pod install' or update your CocoaPods installation.\" >&2\n    exit 1\nfi\n";
			showEnvVarsInLog = 0;
		};
		7D17CB77096FE381F1E6AF62 /* [CP] Copy Pods Resources */ = {
			isa = PBXShellScriptBuildPhase;
			buildActionMask = 2147483647;
			files = (
			);
			inputPaths = (
			);
			name = "[CP] Copy Pods Resources";
			outputPaths = (
			);
			runOnlyForDeploymentPostprocessing = 0;
			shellPath = /bin/sh;
			shellScript = "\"${SRCROOT}/Pods/Target Support Files/Pods-StartupScreens/Pods-StartupScreens-resources.sh\"\n";
			showEnvVarsInLog = 0;
		};
		8C08C91711F4610B5640345F /* [CP] Check Pods Manifest.lock */ = {
			isa = PBXShellScriptBuildPhase;
			buildActionMask = 2147483647;
			files = (
			);
			inputPaths = (
			);
			name = "[CP] Check Pods Manifest.lock";
			outputPaths = (
			);
			runOnlyForDeploymentPostprocessing = 0;
			shellPath = /bin/sh;
			shellScript = "diff \"${PODS_ROOT}/../Podfile.lock\" \"${PODS_ROOT}/Manifest.lock\" > /dev/null\nif [ $? != 0 ] ; then\n    # print error to STDERR\n    echo \"error: The sandbox is not in sync with the Podfile.lock. Run 'pod install' or update your CocoaPods installation.\" >&2\n    exit 1\nfi\n";
			showEnvVarsInLog = 0;
		};
		8CC92A9988972F9E2A38469E /* [CP] Copy Pods Resources */ = {
			isa = PBXShellScriptBuildPhase;
			buildActionMask = 2147483647;
			files = (
			);
			inputPaths = (
			);
			name = "[CP] Copy Pods Resources";
			outputPaths = (
			);
			runOnlyForDeploymentPostprocessing = 0;
			shellPath = /bin/sh;
			shellScript = "\"${SRCROOT}/Pods/Target Support Files/Pods-StartupScreensTests/Pods-StartupScreensTests-resources.sh\"\n";
			showEnvVarsInLog = 0;
		};
		A5EE9D8C492D27CFFA20CEBA /* [CP] Copy Pods Resources */ = {
			isa = PBXShellScriptBuildPhase;
			buildActionMask = 2147483647;
			files = (
			);
			inputPaths = (
			);
			name = "[CP] Copy Pods Resources";
			outputPaths = (
			);
			runOnlyForDeploymentPostprocessing = 0;
			shellPath = /bin/sh;
			shellScript = "\"${SRCROOT}/Pods/Target Support Files/Pods-StartupScreensUITests/Pods-StartupScreensUITests-resources.sh\"\n";
			showEnvVarsInLog = 0;
		};
		BD6D97F0C46A78BCE44E9291 /* [CP] Embed Pods Frameworks */ = {
			isa = PBXShellScriptBuildPhase;
			buildActionMask = 2147483647;
			files = (
			);
			inputPaths = (
			);
			name = "[CP] Embed Pods Frameworks";
			outputPaths = (
			);
			runOnlyForDeploymentPostprocessing = 0;
			shellPath = /bin/sh;
			shellScript = "\"${SRCROOT}/Pods/Target Support Files/Pods-StartupScreensTests/Pods-StartupScreensTests-frameworks.sh\"\n";
			showEnvVarsInLog = 0;
		};
		C303C9450B9DF5F0BA0B910E /* [CP] Embed Pods Frameworks */ = {
			isa = PBXShellScriptBuildPhase;
			buildActionMask = 2147483647;
			files = (
			);
			inputPaths = (
			);
			name = "[CP] Embed Pods Frameworks";
			outputPaths = (
			);
			runOnlyForDeploymentPostprocessing = 0;
			shellPath = /bin/sh;
			shellScript = "\"${SRCROOT}/Pods/Target Support Files/Pods-StartupScreensUITests/Pods-StartupScreensUITests-frameworks.sh\"\n";
			showEnvVarsInLog = 0;
		};
		FED3E918F1CD05BFB7311A67 /* [CP] Check Pods Manifest.lock */ = {
			isa = PBXShellScriptBuildPhase;
			buildActionMask = 2147483647;
			files = (
			);
			inputPaths = (
			);
			name = "[CP] Check Pods Manifest.lock";
			outputPaths = (
			);
			runOnlyForDeploymentPostprocessing = 0;
			shellPath = /bin/sh;
			shellScript = "diff \"${PODS_ROOT}/../Podfile.lock\" \"${PODS_ROOT}/Manifest.lock\" > /dev/null\nif [ $? != 0 ] ; then\n    # print error to STDERR\n    echo \"error: The sandbox is not in sync with the Podfile.lock. Run 'pod install' or update your CocoaPods installation.\" >&2\n    exit 1\nfi\n";
			showEnvVarsInLog = 0;
		};
/* End PBXShellScriptBuildPhase section */

/* Begin PBXSourcesBuildPhase section */
		08814E481E05D8D8004D9425 /* Sources */ = {
			isa = PBXSourcesBuildPhase;
			buildActionMask = 2147483647;
			files = (
				08E06BDC1E124FC90046DDA2 /* MessagesViewController.swift in Sources */,
				08F4D8661E1A4F19004DD2E2 /* ContactsViewController.swift in Sources */,
				08F4D8781E1F6FD0004DD2E2 /* MessagesHandler.swift in Sources */,
				08F4D8721E1B22C9004DD2E2 /* Contact.swift in Sources */,
				083CD4351E0FA1E100784192 /* MainViewController.swift in Sources */,
				08E06BDE1E1250040046DDA2 /* SettingsViewController.swift in Sources */,
				08814E811E06596B004D9425 /* LoginViewController.swift in Sources */,
				08F4D8741E1B6F34004DD2E2 /* ContactTableViewCell.swift in Sources */,
				08814E521E05D8D9004D9425 /* ViewController.swift in Sources */,
				08814E501E05D8D9004D9425 /* AppDelegate.swift in Sources */,
				08F4D8701E1B1446004DD2E2 /* Constants.swift in Sources */,
				088FB83A1E1A160A006523A3 /* ProfileViewController.swift in Sources */,
				08F4D8761E1B76D4004DD2E2 /* ChatViewController.swift in Sources */,
				08F4D8681E1B1081004DD2E2 /* FirebaseAuthHelper.swift in Sources */,
				08F4D86A1E1B1114004DD2E2 /* FirebaseDatabaseHelper.swift in Sources */,
				088FB8381E1A0D77006523A3 /* MenuViewController.swift in Sources */,
				08E06BDA1E1245460046DDA2 /* MenuTableViewCell.swift in Sources */,
				08814E581E05D8D9004D9425 /* StartupScreens.xcdatamodeld in Sources */,
				083CD42F1E0F185800784192 /* HelperFunctions.swift in Sources */,
				083CD4331E0F35B900784192 /* SWRevealViewController.m in Sources */,
			);
			runOnlyForDeploymentPostprocessing = 0;
		};
		08814E5F1E05D8D9004D9425 /* Sources */ = {
			isa = PBXSourcesBuildPhase;
			buildActionMask = 2147483647;
			files = (
				08814E681E05D8D9004D9425 /* StartupScreensTests.swift in Sources */,
			);
			runOnlyForDeploymentPostprocessing = 0;
		};
		08814E6A1E05D8D9004D9425 /* Sources */ = {
			isa = PBXSourcesBuildPhase;
			buildActionMask = 2147483647;
			files = (
				08814E731E05D8D9004D9425 /* StartupScreensUITests.swift in Sources */,
			);
			runOnlyForDeploymentPostprocessing = 0;
		};
/* End PBXSourcesBuildPhase section */

/* Begin PBXTargetDependency section */
		08814E651E05D8D9004D9425 /* PBXTargetDependency */ = {
			isa = PBXTargetDependency;
			target = 08814E4B1E05D8D8004D9425 /* StartupScreens */;
			targetProxy = 08814E641E05D8D9004D9425 /* PBXContainerItemProxy */;
		};
		08814E701E05D8D9004D9425 /* PBXTargetDependency */ = {
			isa = PBXTargetDependency;
			target = 08814E4B1E05D8D8004D9425 /* StartupScreens */;
			targetProxy = 08814E6F1E05D8D9004D9425 /* PBXContainerItemProxy */;
		};
/* End PBXTargetDependency section */

/* Begin PBXVariantGroup section */
		08814E531E05D8D9004D9425 /* Main.storyboard */ = {
			isa = PBXVariantGroup;
			children = (
				08814E541E05D8D9004D9425 /* Base */,
			);
			name = Main.storyboard;
			sourceTree = "<group>";
		};
		08814E5B1E05D8D9004D9425 /* LaunchScreen.storyboard */ = {
			isa = PBXVariantGroup;
			children = (
				08814E5C1E05D8D9004D9425 /* Base */,
			);
			name = LaunchScreen.storyboard;
			sourceTree = "<group>";
		};
/* End PBXVariantGroup section */

/* Begin XCBuildConfiguration section */
		08814E751E05D8D9004D9425 /* Debug */ = {
			isa = XCBuildConfiguration;
			buildSettings = {
				ALWAYS_SEARCH_USER_PATHS = NO;
				CLANG_ANALYZER_NONNULL = YES;
				CLANG_CXX_LANGUAGE_STANDARD = "gnu++0x";
				CLANG_CXX_LIBRARY = "libc++";
				CLANG_ENABLE_MODULES = YES;
				CLANG_ENABLE_OBJC_ARC = YES;
				CLANG_WARN_BOOL_CONVERSION = YES;
				CLANG_WARN_CONSTANT_CONVERSION = YES;
				CLANG_WARN_DIRECT_OBJC_ISA_USAGE = YES_ERROR;
				CLANG_WARN_DOCUMENTATION_COMMENTS = YES;
				CLANG_WARN_EMPTY_BODY = YES;
				CLANG_WARN_ENUM_CONVERSION = YES;
				CLANG_WARN_INFINITE_RECURSION = YES;
				CLANG_WARN_INT_CONVERSION = YES;
				CLANG_WARN_OBJC_ROOT_CLASS = YES_ERROR;
				CLANG_WARN_SUSPICIOUS_MOVE = YES;
				CLANG_WARN_UNREACHABLE_CODE = YES;
				CLANG_WARN__DUPLICATE_METHOD_MATCH = YES;
				"CODE_SIGN_IDENTITY[sdk=iphoneos*]" = "iPhone Developer";
				COPY_PHASE_STRIP = NO;
				DEBUG_INFORMATION_FORMAT = dwarf;
				ENABLE_STRICT_OBJC_MSGSEND = YES;
				ENABLE_TESTABILITY = YES;
				GCC_C_LANGUAGE_STANDARD = gnu99;
				GCC_DYNAMIC_NO_PIC = NO;
				GCC_NO_COMMON_BLOCKS = YES;
				GCC_OPTIMIZATION_LEVEL = 0;
				GCC_PREPROCESSOR_DEFINITIONS = (
					"DEBUG=1",
					"$(inherited)",
				);
				GCC_WARN_64_TO_32_BIT_CONVERSION = YES;
				GCC_WARN_ABOUT_RETURN_TYPE = YES_ERROR;
				GCC_WARN_UNDECLARED_SELECTOR = YES;
				GCC_WARN_UNINITIALIZED_AUTOS = YES_AGGRESSIVE;
				GCC_WARN_UNUSED_FUNCTION = YES;
				GCC_WARN_UNUSED_VARIABLE = YES;
				IPHONEOS_DEPLOYMENT_TARGET = 10.2;
				MTL_ENABLE_DEBUG_INFO = YES;
				ONLY_ACTIVE_ARCH = YES;
				SDKROOT = iphoneos;
				SWIFT_ACTIVE_COMPILATION_CONDITIONS = DEBUG;
				SWIFT_OPTIMIZATION_LEVEL = "-Onone";
			};
			name = Debug;
		};
		08814E761E05D8D9004D9425 /* Release */ = {
			isa = XCBuildConfiguration;
			buildSettings = {
				ALWAYS_SEARCH_USER_PATHS = NO;
				CLANG_ANALYZER_NONNULL = YES;
				CLANG_CXX_LANGUAGE_STANDARD = "gnu++0x";
				CLANG_CXX_LIBRARY = "libc++";
				CLANG_ENABLE_MODULES = YES;
				CLANG_ENABLE_OBJC_ARC = YES;
				CLANG_WARN_BOOL_CONVERSION = YES;
				CLANG_WARN_CONSTANT_CONVERSION = YES;
				CLANG_WARN_DIRECT_OBJC_ISA_USAGE = YES_ERROR;
				CLANG_WARN_DOCUMENTATION_COMMENTS = YES;
				CLANG_WARN_EMPTY_BODY = YES;
				CLANG_WARN_ENUM_CONVERSION = YES;
				CLANG_WARN_INFINITE_RECURSION = YES;
				CLANG_WARN_INT_CONVERSION = YES;
				CLANG_WARN_OBJC_ROOT_CLASS = YES_ERROR;
				CLANG_WARN_SUSPICIOUS_MOVE = YES;
				CLANG_WARN_UNREACHABLE_CODE = YES;
				CLANG_WARN__DUPLICATE_METHOD_MATCH = YES;
				"CODE_SIGN_IDENTITY[sdk=iphoneos*]" = "iPhone Developer";
				COPY_PHASE_STRIP = NO;
				DEBUG_INFORMATION_FORMAT = "dwarf-with-dsym";
				ENABLE_NS_ASSERTIONS = NO;
				ENABLE_STRICT_OBJC_MSGSEND = YES;
				GCC_C_LANGUAGE_STANDARD = gnu99;
				GCC_NO_COMMON_BLOCKS = YES;
				GCC_WARN_64_TO_32_BIT_CONVERSION = YES;
				GCC_WARN_ABOUT_RETURN_TYPE = YES_ERROR;
				GCC_WARN_UNDECLARED_SELECTOR = YES;
				GCC_WARN_UNINITIALIZED_AUTOS = YES_AGGRESSIVE;
				GCC_WARN_UNUSED_FUNCTION = YES;
				GCC_WARN_UNUSED_VARIABLE = YES;
				IPHONEOS_DEPLOYMENT_TARGET = 10.2;
				MTL_ENABLE_DEBUG_INFO = NO;
				SDKROOT = iphoneos;
				SWIFT_OPTIMIZATION_LEVEL = "-Owholemodule";
				VALIDATE_PRODUCT = YES;
			};
			name = Release;
		};
		08814E781E05D8D9004D9425 /* Debug */ = {
			isa = XCBuildConfiguration;
			baseConfigurationReference = AE1F9A65E71256C1547E4E45 /* Pods-StartupScreens.debug.xcconfig */;
			buildSettings = {
				ASSETCATALOG_COMPILER_APPICON_NAME = AppIcon;
				CLANG_ENABLE_MODULES = YES;
				DEVELOPMENT_TEAM = MQLCG95E87;
				INFOPLIST_FILE = StartupScreens/Info.plist;
				IPHONEOS_DEPLOYMENT_TARGET = 10.0;
				LD_RUNPATH_SEARCH_PATHS = "$(inherited) @executable_path/Frameworks";
				PRODUCT_BUNDLE_IDENTIFIER = self.edu.trevoregriffin.StartupScreens;
				PRODUCT_NAME = "$(TARGET_NAME)";
				SWIFT_OBJC_BRIDGING_HEADER = "StartupScreens/StartupScreens-Bridging-Header.h";
				SWIFT_OPTIMIZATION_LEVEL = "-Onone";
				SWIFT_VERSION = 3.0;
			};
			name = Debug;
		};
		08814E791E05D8D9004D9425 /* Release */ = {
			isa = XCBuildConfiguration;
			baseConfigurationReference = 144DEC7450602B4ED36C8BFB /* Pods-StartupScreens.release.xcconfig */;
			buildSettings = {
				ASSETCATALOG_COMPILER_APPICON_NAME = AppIcon;
				CLANG_ENABLE_MODULES = YES;
				DEVELOPMENT_TEAM = MQLCG95E87;
				INFOPLIST_FILE = StartupScreens/Info.plist;
				IPHONEOS_DEPLOYMENT_TARGET = 10.0;
				LD_RUNPATH_SEARCH_PATHS = "$(inherited) @executable_path/Frameworks";
				PRODUCT_BUNDLE_IDENTIFIER = self.edu.trevoregriffin.StartupScreens;
				PRODUCT_NAME = "$(TARGET_NAME)";
				SWIFT_OBJC_BRIDGING_HEADER = "StartupScreens/StartupScreens-Bridging-Header.h";
				SWIFT_VERSION = 3.0;
			};
			name = Release;
		};
		08814E7B1E05D8D9004D9425 /* Debug */ = {
			isa = XCBuildConfiguration;
			baseConfigurationReference = 5AE3EABE05DC132F32033B4E /* Pods-StartupScreensTests.debug.xcconfig */;
			buildSettings = {
				ALWAYS_EMBED_SWIFT_STANDARD_LIBRARIES = YES;
				BUNDLE_LOADER = "$(TEST_HOST)";
				DEVELOPMENT_TEAM = MQLCG95E87;
				INFOPLIST_FILE = StartupScreensTests/Info.plist;
				LD_RUNPATH_SEARCH_PATHS = "$(inherited) @executable_path/Frameworks @loader_path/Frameworks";
				PRODUCT_BUNDLE_IDENTIFIER = self.edu.trevoregriffin.StartupScreensTests;
				PRODUCT_NAME = "$(TARGET_NAME)";
				SWIFT_VERSION = 3.0;
				TEST_HOST = "$(BUILT_PRODUCTS_DIR)/StartupScreens.app/StartupScreens";
			};
			name = Debug;
		};
		08814E7C1E05D8D9004D9425 /* Release */ = {
			isa = XCBuildConfiguration;
			baseConfigurationReference = 244EEEE90F1780EEBEC4B103 /* Pods-StartupScreensTests.release.xcconfig */;
			buildSettings = {
				ALWAYS_EMBED_SWIFT_STANDARD_LIBRARIES = YES;
				BUNDLE_LOADER = "$(TEST_HOST)";
				DEVELOPMENT_TEAM = MQLCG95E87;
				INFOPLIST_FILE = StartupScreensTests/Info.plist;
				LD_RUNPATH_SEARCH_PATHS = "$(inherited) @executable_path/Frameworks @loader_path/Frameworks";
				PRODUCT_BUNDLE_IDENTIFIER = self.edu.trevoregriffin.StartupScreensTests;
				PRODUCT_NAME = "$(TARGET_NAME)";
				SWIFT_VERSION = 3.0;
				TEST_HOST = "$(BUILT_PRODUCTS_DIR)/StartupScreens.app/StartupScreens";
			};
			name = Release;
		};
		08814E7E1E05D8D9004D9425 /* Debug */ = {
			isa = XCBuildConfiguration;
			baseConfigurationReference = 0370129CF6442DFB36330E9E /* Pods-StartupScreensUITests.debug.xcconfig */;
			buildSettings = {
				ALWAYS_EMBED_SWIFT_STANDARD_LIBRARIES = YES;
				DEVELOPMENT_TEAM = MQLCG95E87;
				INFOPLIST_FILE = StartupScreensUITests/Info.plist;
				LD_RUNPATH_SEARCH_PATHS = "$(inherited) @executable_path/Frameworks @loader_path/Frameworks";
				PRODUCT_BUNDLE_IDENTIFIER = self.edu.trevoregriffin.StartupScreensUITests;
				PRODUCT_NAME = "$(TARGET_NAME)";
				SWIFT_VERSION = 3.0;
				TEST_TARGET_NAME = StartupScreens;
			};
			name = Debug;
		};
		08814E7F1E05D8D9004D9425 /* Release */ = {
			isa = XCBuildConfiguration;
			baseConfigurationReference = 80472AD30919659B3A3D5FB8 /* Pods-StartupScreensUITests.release.xcconfig */;
			buildSettings = {
				ALWAYS_EMBED_SWIFT_STANDARD_LIBRARIES = YES;
				DEVELOPMENT_TEAM = MQLCG95E87;
				INFOPLIST_FILE = StartupScreensUITests/Info.plist;
				LD_RUNPATH_SEARCH_PATHS = "$(inherited) @executable_path/Frameworks @loader_path/Frameworks";
				PRODUCT_BUNDLE_IDENTIFIER = self.edu.trevoregriffin.StartupScreensUITests;
				PRODUCT_NAME = "$(TARGET_NAME)";
				SWIFT_VERSION = 3.0;
				TEST_TARGET_NAME = StartupScreens;
			};
			name = Release;
		};
/* End XCBuildConfiguration section */

/* Begin XCConfigurationList section */
		08814E471E05D8D8004D9425 /* Build configuration list for PBXProject "StartupScreens" */ = {
			isa = XCConfigurationList;
			buildConfigurations = (
				08814E751E05D8D9004D9425 /* Debug */,
				08814E761E05D8D9004D9425 /* Release */,
			);
			defaultConfigurationIsVisible = 0;
			defaultConfigurationName = Release;
		};
		08814E771E05D8D9004D9425 /* Build configuration list for PBXNativeTarget "StartupScreens" */ = {
			isa = XCConfigurationList;
			buildConfigurations = (
				08814E781E05D8D9004D9425 /* Debug */,
				08814E791E05D8D9004D9425 /* Release */,
			);
			defaultConfigurationIsVisible = 0;
			defaultConfigurationName = Release;
		};
		08814E7A1E05D8D9004D9425 /* Build configuration list for PBXNativeTarget "StartupScreensTests" */ = {
			isa = XCConfigurationList;
			buildConfigurations = (
				08814E7B1E05D8D9004D9425 /* Debug */,
				08814E7C1E05D8D9004D9425 /* Release */,
			);
			defaultConfigurationIsVisible = 0;
			defaultConfigurationName = Release;
		};
		08814E7D1E05D8D9004D9425 /* Build configuration list for PBXNativeTarget "StartupScreensUITests" */ = {
			isa = XCConfigurationList;
			buildConfigurations = (
				08814E7E1E05D8D9004D9425 /* Debug */,
				08814E7F1E05D8D9004D9425 /* Release */,
			);
			defaultConfigurationIsVisible = 0;
			defaultConfigurationName = Release;
		};
/* End XCConfigurationList section */

/* Begin XCVersionGroup section */
		08814E561E05D8D9004D9425 /* StartupScreens.xcdatamodeld */ = {
			isa = XCVersionGroup;
			children = (
				08814E571E05D8D9004D9425 /* StartupScreens.xcdatamodel */,
			);
			currentVersion = 08814E571E05D8D9004D9425 /* StartupScreens.xcdatamodel */;
			path = StartupScreens.xcdatamodeld;
			sourceTree = "<group>";
			versionGroupType = wrapper.xcdatamodel;
		};
/* End XCVersionGroup section */
	};
	rootObject = 08814E441E05D8D8004D9425 /* Project object */;
}
